
Microsoft Visual Studio Solution File, Format Version 12.00
# Visual Studio 15
VisualStudioVersion = 15.0.28010.2041
MinimumVisualStudioVersion = 10.0.40219.1
Project("{FAE04EC0-301F-11D3-BF4B-00C04F79EFBC}") = "PenteGame", "PenteGame\PenteGame.csproj", "{C294A489-3C54-4F9D-BD34-4423BF1723B7}"
EndProject
Global
	GlobalSection(SolutionConfigurationPlatforms) = preSolution
		Debug|Any CPU = Debug|Any CPU
		Release|Any CPU = Release|Any CPU
	EndGlobalSection
	GlobalSection(ProjectConfigurationPlatforms) = postSolution
		{C294A489-3C54-4F9D-BD34-4423BF1723B7}.Debug|Any CPU.ActiveCfg = Debug|Any CPU
		{C294A489-3C54-4F9D-BD34-4423BF1723B7}.Debug|Any CPU.Build.0 = Debug|Any CPU
		{C294A489-3C54-4F9D-BD34-4423BF1723B7}.Release|Any CPU.ActiveCfg = Release|Any CPU
		{C294A489-3C54-4F9D-BD34-4423BF1723B7}.Release|Any CPU.Build.0 = Release|Any CPU
	EndGlobalSection
	GlobalSection(SolutionProperties) = preSolution
		HideSolutionNode = FALSE
	EndGlobalSection
	GlobalSection(ExtensibilityGlobals) = postSolution
		SolutionGuid = {445384B2-0B41-4060-AC0A-ADCAF91FA870}
	EndGlobalSection
EndGlobal
